
Microsoft Visual Studio Solution File, Format Version 12.00
# Visual Studio Version 17
VisualStudioVersion = 17.8.34511.84
MinimumVisualStudioVersion = 10.0.40219.1
Project("{FAE04EC0-301F-11D3-BF4B-00C04F79EFBC}") = "мдк.практика", "мдк.практика\мдк.практика.csproj", "{632B9F03-0EA8-4B0F-AA35-F66A1702DD59}"
EndProject
Global
	GlobalSection(SolutionConfigurationPlatforms) = preSolution
		Debug|Any CPU = Debug|Any CPU
		Release|Any CPU = Release|Any CPU
	EndGlobalSection
	GlobalSection(ProjectConfigurationPlatforms) = postSolution
		{632B9F03-0EA8-4B0F-AA35-F66A1702DD59}.Debug|Any CPU.ActiveCfg = Debug|Any CPU
		{632B9F03-0EA8-4B0F-AA35-F66A1702DD59}.Debug|Any CPU.Build.0 = Debug|Any CPU
		{632B9F03-0EA8-4B0F-AA35-F66A1702DD59}.Release|Any CPU.ActiveCfg = Release|Any CPU
		{632B9F03-0EA8-4B0F-AA35-F66A1702DD59}.Release|Any CPU.Build.0 = Release|Any CPU
	EndGlobalSection
	GlobalSection(SolutionProperties) = preSolution
		HideSolutionNode = FALSE
	EndGlobalSection
	GlobalSection(ExtensibilityGlobals) = postSolution
		SolutionGuid = {FFCFD03A-81F1-425C-8D95-6579E13F1A8F}
	EndGlobalSection
EndGlobal
